
Microsoft Visual Studio Solution File, Format Version 10.00
# Visual Studio 2008
Project("{8BC9CEB8-8B4A-11D0-8D11-00A0C91BC942}") = "Steering", "Steering.vcproj", "{EE007DA3-D5E6-4E7C-84BA-A1753F852497}"
EndProject
Global
	GlobalSection(SolutionConfigurationPlatforms) = preSolution
		Debug|Win32 = Debug|Win32
		Release|Win32 = Release|Win32
	EndGlobalSection
	GlobalSection(ProjectConfigurationPlatforms) = postSolution
		{EE007DA3-D5E6-4E7C-84BA-A1753F852497}.Debug|Win32.ActiveCfg = Debug|Win32
		{EE007DA3-D5E6-4E7C-84BA-A1753F852497}.Debug|Win32.Build.0 = Debug|Win32
		{EE007DA3-D5E6-4E7C-84BA-A1753F852497}.Release|Win32.ActiveCfg = Release|Win32
		{EE007DA3-D5E6-4E7C-84BA-A1753F852497}.Release|Win32.Build.0 = Release|Win32
	EndGlobalSection
	GlobalSection(SolutionProperties) = preSolution
		HideSolutionNode = FALSE
	EndGlobalSection
EndGlobal
